
Microsoft Visual Studio Solution File, Format Version 12.00
# Visual Studio 15
VisualStudioVersion = 15.0.26124.0
MinimumVisualStudioVersion = 15.0.26124.0
Project("{FAE04EC0-301F-11D3-BF4B-00C04F79EFBC}") = "Entities", "Entities\Entities.csproj", "{1BF17063-86A0-4A0F-A039-2502AA161FD1}"
EndProject
Project("{FAE04EC0-301F-11D3-BF4B-00C04F79EFBC}") = "Repositories", "Repositories\Repositories.csproj", "{884667E9-A874-4778-862C-98FB19FCCE50}"
EndProject
Project("{FAE04EC0-301F-11D3-BF4B-00C04F79EFBC}") = "Services", "Services\Services.csproj", "{B1ADD892-6F3D-47C0-8F4D-C36431A3409E}"
EndProject
Project("{FAE04EC0-301F-11D3-BF4B-00C04F79EFBC}") = "Web", "Web\Web.csproj", "{D3E95587-15E3-488F-8E88-FDAB2E2A227C}"
EndProject
Global
	GlobalSection(SolutionConfigurationPlatforms) = preSolution
		Debug|Any CPU = Debug|Any CPU
		Debug|x64 = Debug|x64
		Debug|x86 = Debug|x86
		Release|Any CPU = Release|Any CPU
		Release|x64 = Release|x64
		Release|x86 = Release|x86
	EndGlobalSection
	GlobalSection(SolutionProperties) = preSolution
		HideSolutionNode = FALSE
	EndGlobalSection
	GlobalSection(ProjectConfigurationPlatforms) = postSolution
		{1BF17063-86A0-4A0F-A039-2502AA161FD1}.Debug|Any CPU.ActiveCfg = Debug|Any CPU
		{1BF17063-86A0-4A0F-A039-2502AA161FD1}.Debug|Any CPU.Build.0 = Debug|Any CPU
		{1BF17063-86A0-4A0F-A039-2502AA161FD1}.Debug|x64.ActiveCfg = Debug|Any CPU
		{1BF17063-86A0-4A0F-A039-2502AA161FD1}.Debug|x64.Build.0 = Debug|Any CPU
		{1BF17063-86A0-4A0F-A039-2502AA161FD1}.Debug|x86.ActiveCfg = Debug|Any CPU
		{1BF17063-86A0-4A0F-A039-2502AA161FD1}.Debug|x86.Build.0 = Debug|Any CPU
		{1BF17063-86A0-4A0F-A039-2502AA161FD1}.Release|Any CPU.ActiveCfg = Release|Any CPU
		{1BF17063-86A0-4A0F-A039-2502AA161FD1}.Release|Any CPU.Build.0 = Release|Any CPU
		{1BF17063-86A0-4A0F-A039-2502AA161FD1}.Release|x64.ActiveCfg = Release|Any CPU
		{1BF17063-86A0-4A0F-A039-2502AA161FD1}.Release|x64.Build.0 = Release|Any CPU
		{1BF17063-86A0-4A0F-A039-2502AA161FD1}.Release|x86.ActiveCfg = Release|Any CPU
		{1BF17063-86A0-4A0F-A039-2502AA161FD1}.Release|x86.Build.0 = Release|Any CPU
		{884667E9-A874-4778-862C-98FB19FCCE50}.Debug|Any CPU.ActiveCfg = Debug|Any CPU
		{884667E9-A874-4778-862C-98FB19FCCE50}.Debug|Any CPU.Build.0 = Debug|Any CPU
		{884667E9-A874-4778-862C-98FB19FCCE50}.Debug|x64.ActiveCfg = Debug|Any CPU
		{884667E9-A874-4778-862C-98FB19FCCE50}.Debug|x64.Build.0 = Debug|Any CPU
		{884667E9-A874-4778-862C-98FB19FCCE50}.Debug|x86.ActiveCfg = Debug|Any CPU
		{884667E9-A874-4778-862C-98FB19FCCE50}.Debug|x86.Build.0 = Debug|Any CPU
		{884667E9-A874-4778-862C-98FB19FCCE50}.Release|Any CPU.ActiveCfg = Release|Any CPU
		{884667E9-A874-4778-862C-98FB19FCCE50}.Release|Any CPU.Build.0 = Release|Any CPU
		{884667E9-A874-4778-862C-98FB19FCCE50}.Release|x64.ActiveCfg = Release|Any CPU
		{884667E9-A874-4778-862C-98FB19FCCE50}.Release|x64.Build.0 = Release|Any CPU
		{884667E9-A874-4778-862C-98FB19FCCE50}.Release|x86.ActiveCfg = Release|Any CPU
		{884667E9-A874-4778-862C-98FB19FCCE50}.Release|x86.Build.0 = Release|Any CPU
		{B1ADD892-6F3D-47C0-8F4D-C36431A3409E}.Debug|Any CPU.ActiveCfg = Debug|Any CPU
		{B1ADD892-6F3D-47C0-8F4D-C36431A3409E}.Debug|Any CPU.Build.0 = Debug|Any CPU
		{B1ADD892-6F3D-47C0-8F4D-C36431A3409E}.Debug|x64.ActiveCfg = Debug|Any CPU
		{B1ADD892-6F3D-47C0-8F4D-C36431A3409E}.Debug|x64.Build.0 = Debug|Any CPU
		{B1ADD892-6F3D-47C0-8F4D-C36431A3409E}.Debug|x86.ActiveCfg = Debug|Any CPU
		{B1ADD892-6F3D-47C0-8F4D-C36431A3409E}.Debug|x86.Build.0 = Debug|Any CPU
		{B1ADD892-6F3D-47C0-8F4D-C36431A3409E}.Release|Any CPU.ActiveCfg = Release|Any CPU
		{B1ADD892-6F3D-47C0-8F4D-C36431A3409E}.Release|Any CPU.Build.0 = Release|Any CPU
		{B1ADD892-6F3D-47C0-8F4D-C36431A3409E}.Release|x64.ActiveCfg = Release|Any CPU
		{B1ADD892-6F3D-47C0-8F4D-C36431A3409E}.Release|x64.Build.0 = Release|Any CPU
		{B1ADD892-6F3D-47C0-8F4D-C36431A3409E}.Release|x86.ActiveCfg = Release|Any CPU
		{B1ADD892-6F3D-47C0-8F4D-C36431A3409E}.Release|x86.Build.0 = Release|Any CPU
		{D3E95587-15E3-488F-8E88-FDAB2E2A227C}.Debug|Any CPU.ActiveCfg = Debug|Any CPU
		{D3E95587-15E3-488F-8E88-FDAB2E2A227C}.Debug|Any CPU.Build.0 = Debug|Any CPU
		{D3E95587-15E3-488F-8E88-FDAB2E2A227C}.Debug|x64.ActiveCfg = Debug|Any CPU
		{D3E95587-15E3-488F-8E88-FDAB2E2A227C}.Debug|x64.Build.0 = Debug|Any CPU
		{D3E95587-15E3-488F-8E88-FDAB2E2A227C}.Debug|x86.ActiveCfg = Debug|Any CPU
		{D3E95587-15E3-488F-8E88-FDAB2E2A227C}.Debug|x86.Build.0 = Debug|Any CPU
		{D3E95587-15E3-488F-8E88-FDAB2E2A227C}.Release|Any CPU.ActiveCfg = Release|Any CPU
		{D3E95587-15E3-488F-8E88-FDAB2E2A227C}.Release|Any CPU.Build.0 = Release|Any CPU
		{D3E95587-15E3-488F-8E88-FDAB2E2A227C}.Release|x64.ActiveCfg = Release|Any CPU
		{D3E95587-15E3-488F-8E88-FDAB2E2A227C}.Release|x64.Build.0 = Release|Any CPU
		{D3E95587-15E3-488F-8E88-FDAB2E2A227C}.Release|x86.ActiveCfg = Release|Any CPU
		{D3E95587-15E3-488F-8E88-FDAB2E2A227C}.Release|x86.Build.0 = Release|Any CPU
	EndGlobalSection
EndGlobal
