{
  "name": "lib",
  "lockfileVersion": 2,
  "requires": true,
  "packages": {
    "": {
      "dependencies": {
        "card": "^2.5.4",
        "validatorjs": "^3.22.1"
      }
    },
    "node_modules/card": {
      "version": "2.5.4",
      "resolved": "https://registry.npmjs.org/card/-/card-2.5.4.tgz",
      "integrity": "sha512-S4WNrraBHA5OA5zvuVk1+fuNhFn3J4ujAr1uKqrOBzeNMxiqqFr9OXDD4LOB5VtxivS1S/v4avY+Drbm17dGYw==",
      "dependencies": {
        "node.extend": "~2.0.2",
        "payment": "^2.4.6",
        "qj": "^2.0.0"
      }
    },
    "node_modules/define-properties": {
      "version": "1.1.3",
      "resolved": "https://registry.npmjs.org/define-properties/-/define-properties-1.1.3.tgz",
      "integrity": "sha512-3MqfYKj2lLzdMSf8ZIZE/V+Zuy+BgD6f164e8K2w7dgnpKArBDerGYpM46IYYcjnkdPNMjPk9A6VFB8+3SKlXQ==",
      "dependencies": {
        "object-keys": "^1.0.12"
      },
      "engines": {
        "node": ">= 0.4"
      }
    },
    "node_modules/function-bind": {
      "version": "1.1.1",
      "resolved": "https://registry.npmjs.org/function-bind/-/function-bind-1.1.1.tgz",
      "integrity": "sha512-yIovAzMX49sF8Yl58fSCWJ5svSLuaibPxXQJFLmBObTuCr0Mf1KiPopGM9NiFjiYBCbfaa2Fh6breQ6ANVTI0A=="
    },
    "node_modules/globalthis": {
      "version": "1.0.2",
      "resolved": "https://registry.npmjs.org/globalthis/-/globalthis-1.0.2.tgz",
      "integrity": "sha512-ZQnSFO1la8P7auIOQECnm0sSuoMeaSq0EEdXMBFF2QJO4uNcwbyhSgG3MruWNbFTqCLmxVwGOl7LZ9kASvHdeQ==",
      "dependencies": {
        "define-properties": "^1.1.3"
      },
      "engines": {
        "node": ">= 0.4"
      },
      "funding": {
        "url": "https://github.com/sponsors/ljharb"
      }
    },
    "node_modules/has": {
      "version": "1.0.3",
      "resolved": "https://registry.npmjs.org/has/-/has-1.0.3.tgz",
      "integrity": "sha512-f2dvO0VU6Oej7RkWJGrehjbzMAjFp5/VKPp5tTpWIV4JHHZK1/BxbFRtf/siA2SWTe09caDmVtYYzWEIbBS4zw==",
      "dependencies": {
        "function-bind": "^1.1.1"
      },
      "engines": {
        "node": ">= 0.4.0"
      }
    },
    "node_modules/is": {
      "version": "3.3.0",
      "resolved": "https://registry.npmjs.org/is/-/is-3.3.0.tgz",
      "integrity": "sha512-nW24QBoPcFGGHJGUwnfpI7Yc5CdqWNdsyHQszVE/z2pKHXzh7FZ5GWhJqSyaQ9wMkQnsTx+kAI8bHlCX4tKdbg==",
      "engines": {
        "node": "*"
      }
    },
    "node_modules/node.extend": {
      "version": "2.0.2",
      "resolved": "https://registry.npmjs.org/node.extend/-/node.extend-2.0.2.tgz",
      "integrity": "sha512-pDT4Dchl94/+kkgdwyS2PauDFjZG0Hk0IcHIB+LkW27HLDtdoeMxHTxZh39DYbPP8UflWXWj9JcdDozF+YDOpQ==",
      "dependencies": {
        "has": "^1.0.3",
        "is": "^3.2.1"
      },
      "engines": {
        "node": ">=0.4.0"
      }
    },
    "node_modules/object-keys": {
      "version": "1.1.1",
      "resolved": "https://registry.npmjs.org/object-keys/-/object-keys-1.1.1.tgz",
      "integrity": "sha512-NuAESUOUMrlIXOfHKzD6bpPu3tYt3xvjNdRIQ+FeT0lNb4K8WR70CaDxhuNguS2XG+GjkyMwOzsN5ZktImfhLA==",
      "engines": {
        "node": ">= 0.4"
      }
    },
    "node_modules/payment": {
      "version": "2.4.6",
      "resolved": "https://registry.npmjs.org/payment/-/payment-2.4.6.tgz",
      "integrity": "sha512-QSCAa1yQSkqbe4Ghac3sSA5SQ+Cxc3e4xwCxxun5NT6hUSWsNXXlN8KCCY0kAFFXBP9C7DrfyXP4REB7nPJa8g==",
      "dependencies": {
        "globalthis": "^1.0.2",
        "qj": "~2.0.0"
      }
    },
    "node_modules/qj": {
      "version": "2.0.0",
      "resolved": "https://registry.npmjs.org/qj/-/qj-2.0.0.tgz",
      "integrity": "sha1-BU3Tt1zgGHKNI6BgXwMN/aC9FYo="
    },
    "node_modules/validatorjs": {
      "version": "3.22.1",
      "resolved": "https://registry.npmjs.org/validatorjs/-/validatorjs-3.22.1.tgz",
      "integrity": "sha512-451KiCt/3E8qV/8fOUdO0YkA8zUdQBNVxubg9jvgEB+JAg9IlRKrClzwq2ir2ndj7TWmPYQ7bXFb4BxcyX2iWw=="
    }
  },
  "dependencies": {
    "card": {
      "version": "2.5.4",
      "resolved": "https://registry.npmjs.org/card/-/card-2.5.4.tgz",
      "integrity": "sha512-S4WNrraBHA5OA5zvuVk1+fuNhFn3J4ujAr1uKqrOBzeNMxiqqFr9OXDD4LOB5VtxivS1S/v4avY+Drbm17dGYw==",
      "requires": {
        "node.extend": "~2.0.2",
        "payment": "^2.4.6",
        "qj": "^2.0.0"
      }
    },
    "define-properties": {
      "version": "1.1.3",
      "resolved": "https://registry.npmjs.org/define-properties/-/define-properties-1.1.3.tgz",
      "integrity": "sha512-3MqfYKj2lLzdMSf8ZIZE/V+Zuy+BgD6f164e8K2w7dgnpKArBDerGYpM46IYYcjnkdPNMjPk9A6VFB8+3SKlXQ==",
      "requires": {
        "object-keys": "^1.0.12"
      }
    },
    "function-bind": {
      "version": "1.1.1",
      "resolved": "https://registry.npmjs.org/function-bind/-/function-bind-1.1.1.tgz",
      "integrity": "sha512-yIovAzMX49sF8Yl58fSCWJ5svSLuaibPxXQJFLmBObTuCr0Mf1KiPopGM9NiFjiYBCbfaa2Fh6breQ6ANVTI0A=="
    },
    "globalthis": {
      "version": "1.0.2",
      "resolved": "https://registry.npmjs.org/globalthis/-/globalthis-1.0.2.tgz",
      "integrity": "sha512-ZQnSFO1la8P7auIOQECnm0sSuoMeaSq0EEdXMBFF2QJO4uNcwbyhSgG3MruWNbFTqCLmxVwGOl7LZ9kASvHdeQ==",
      "requires": {
        "define-properties": "^1.1.3"
      }
    },
    "has": {
      "version": "1.0.3",
      "resolved": "https://registry.npmjs.org/has/-/has-1.0.3.tgz",
      "integrity": "sha512-f2dvO0VU6Oej7RkWJGrehjbzMAjFp5/VKPp5tTpWIV4JHHZK1/BxbFRtf/siA2SWTe09caDmVtYYzWEIbBS4zw==",
      "requires": {
        "function-bind": "^1.1.1"
      }
    },
    "is": {
      "version": "3.3.0",
      "resolved": "https://registry.npmjs.org/is/-/is-3.3.0.tgz",
      "integrity": "sha512-nW24QBoPcFGGHJGUwnfpI7Yc5CdqWNdsyHQszVE/z2pKHXzh7FZ5GWhJqSyaQ9wMkQnsTx+kAI8bHlCX4tKdbg=="
    },
    "node.extend": {
      "version": "2.0.2",
      "resolved": "https://registry.npmjs.org/node.extend/-/node.extend-2.0.2.tgz",
      "integrity": "sha512-pDT4Dchl94/+kkgdwyS2PauDFjZG0Hk0IcHIB+LkW27HLDtdoeMxHTxZh39DYbPP8UflWXWj9JcdDozF+YDOpQ==",
      "requires": {
        "has": "^1.0.3",
        "is": "^3.2.1"
      }
    },
    "object-keys": {
      "version": "1.1.1",
      "resolved": "https://registry.npmjs.org/object-keys/-/object-keys-1.1.1.tgz",
      "integrity": "sha512-NuAESUOUMrlIXOfHKzD6bpPu3tYt3xvjNdRIQ+FeT0lNb4K8WR70CaDxhuNguS2XG+GjkyMwOzsN5ZktImfhLA=="
    },
    "payment": {
      "version": "2.4.6",
      "resolved": "https://registry.npmjs.org/payment/-/payment-2.4.6.tgz",
      "integrity": "sha512-QSCAa1yQSkqbe4Ghac3sSA5SQ+Cxc3e4xwCxxun5NT6hUSWsNXXlN8KCCY0kAFFXBP9C7DrfyXP4REB7nPJa8g==",
      "requires": {
        "globalthis": "^1.0.2",
        "qj": "~2.0.0"
      }
    },
    "qj": {
      "version": "2.0.0",
      "resolved": "https://registry.npmjs.org/qj/-/qj-2.0.0.tgz",
      "integrity": "sha1-BU3Tt1zgGHKNI6BgXwMN/aC9FYo="
    },
    "validatorjs": {
      "version": "3.22.1",
      "resolved": "https://registry.npmjs.org/validatorjs/-/validatorjs-3.22.1.tgz",
      "integrity": "sha512-451KiCt/3E8qV/8fOUdO0YkA8zUdQBNVxubg9jvgEB+JAg9IlRKrClzwq2ir2ndj7TWmPYQ7bXFb4BxcyX2iWw=="
    }
  }
}
